
Microsoft Visual Studio Solution File, Format Version 12.00
# Visual Studio 14
VisualStudioVersion = 14.0.25420.1
MinimumVisualStudioVersion = 10.0.40219.1
Project("{FAE04EC0-301F-11D3-BF4B-00C04F79EFBC}") = "MobileCenterDemo", "MobileCenterDemo\MobileCenterDemo\MobileCenterDemo.csproj", "{5CD66824-7427-4295-B539-F492FAEA53B4}"
EndProject
Project("{FAE04EC0-301F-11D3-BF4B-00C04F79EFBC}") = "MobileCenterDemo.Droid", "MobileCenterDemo\MobileCenterDemo.Droid\MobileCenterDemo.Droid.csproj", "{360699E1-8D8F-4B9F-ADA4-3D701A584849}"
EndProject
Project("{FAE04EC0-301F-11D3-BF4B-00C04F79EFBC}") = "MobileCenterDemo.iOS", "MobileCenterDemo\MobileCenterDemo.iOS\MobileCenterDemo.iOS.csproj", "{90A7DED8-4CE5-4C85-840F-7E1DA6710CEA}"
EndProject
Project("{FAE04EC0-301F-11D3-BF4B-00C04F79EFBC}") = "MobileCenterDemo.WinPhone", "MobileCenterDemo\MobileCenterDemo.WinPhone\MobileCenterDemo.WinPhone.csproj", "{BB0D676D-B27A-48F3-83E8-992B9B125F74}"
EndProject
Project("{FAE04EC0-301F-11D3-BF4B-00C04F79EFBC}") = "MobileCenterDemo.Windows", "MobileCenterDemo\MobileCenterDemo.Windows\MobileCenterDemo.Windows.csproj", "{79781B83-E2B6-446E-A9FE-F8562C681405}"
EndProject
Global
	GlobalSection(SolutionConfigurationPlatforms) = preSolution
		Ad-Hoc|Any CPU = Ad-Hoc|Any CPU
		Ad-Hoc|ARM = Ad-Hoc|ARM
		Ad-Hoc|iPhone = Ad-Hoc|iPhone
		Ad-Hoc|iPhoneSimulator = Ad-Hoc|iPhoneSimulator
		Ad-Hoc|x64 = Ad-Hoc|x64
		Ad-Hoc|x86 = Ad-Hoc|x86
		AppStore|Any CPU = AppStore|Any CPU
		AppStore|ARM = AppStore|ARM
		AppStore|iPhone = AppStore|iPhone
		AppStore|iPhoneSimulator = AppStore|iPhoneSimulator
		AppStore|x64 = AppStore|x64
		AppStore|x86 = AppStore|x86
		Debug|Any CPU = Debug|Any CPU
		Debug|ARM = Debug|ARM
		Debug|iPhone = Debug|iPhone
		Debug|iPhoneSimulator = Debug|iPhoneSimulator
		Debug|x64 = Debug|x64
		Debug|x86 = Debug|x86
		Release|Any CPU = Release|Any CPU
		Release|ARM = Release|ARM
		Release|iPhone = Release|iPhone
		Release|iPhoneSimulator = Release|iPhoneSimulator
		Release|x64 = Release|x64
		Release|x86 = Release|x86
	EndGlobalSection
	GlobalSection(ProjectConfigurationPlatforms) = postSolution
		{5CD66824-7427-4295-B539-F492FAEA53B4}.Ad-Hoc|Any CPU.ActiveCfg = Release|Any CPU
		{5CD66824-7427-4295-B539-F492FAEA53B4}.Ad-Hoc|Any CPU.Build.0 = Release|Any CPU
		{5CD66824-7427-4295-B539-F492FAEA53B4}.Ad-Hoc|ARM.ActiveCfg = Release|Any CPU
		{5CD66824-7427-4295-B539-F492FAEA53B4}.Ad-Hoc|ARM.Build.0 = Release|Any CPU
		{5CD66824-7427-4295-B539-F492FAEA53B4}.Ad-Hoc|iPhone.ActiveCfg = Release|Any CPU
		{5CD66824-7427-4295-B539-F492FAEA53B4}.Ad-Hoc|iPhone.Build.0 = Release|Any CPU
		{5CD66824-7427-4295-B539-F492FAEA53B4}.Ad-Hoc|iPhoneSimulator.ActiveCfg = Release|Any CPU
		{5CD66824-7427-4295-B539-F492FAEA53B4}.Ad-Hoc|iPhoneSimulator.Build.0 = Release|Any CPU
		{5CD66824-7427-4295-B539-F492FAEA53B4}.Ad-Hoc|x64.ActiveCfg = Release|Any CPU
		{5CD66824-7427-4295-B539-F492FAEA53B4}.Ad-Hoc|x64.Build.0 = Release|Any CPU
		{5CD66824-7427-4295-B539-F492FAEA53B4}.Ad-Hoc|x86.ActiveCfg = Release|Any CPU
		{5CD66824-7427-4295-B539-F492FAEA53B4}.Ad-Hoc|x86.Build.0 = Release|Any CPU
		{5CD66824-7427-4295-B539-F492FAEA53B4}.AppStore|Any CPU.ActiveCfg = Release|Any CPU
		{5CD66824-7427-4295-B539-F492FAEA53B4}.AppStore|Any CPU.Build.0 = Release|Any CPU
		{5CD66824-7427-4295-B539-F492FAEA53B4}.AppStore|ARM.ActiveCfg = Release|Any CPU
		{5CD66824-7427-4295-B539-F492FAEA53B4}.AppStore|ARM.Build.0 = Release|Any CPU
		{5CD66824-7427-4295-B539-F492FAEA53B4}.AppStore|iPhone.ActiveCfg = Release|Any CPU
		{5CD66824-7427-4295-B539-F492FAEA53B4}.AppStore|iPhone.Build.0 = Release|Any CPU
		{5CD66824-7427-4295-B539-F492FAEA53B4}.AppStore|iPhoneSimulator.ActiveCfg = Release|Any CPU
		{5CD66824-7427-4295-B539-F492FAEA53B4}.AppStore|iPhoneSimulator.Build.0 = Release|Any CPU
		{5CD66824-7427-4295-B539-F492FAEA53B4}.AppStore|x64.ActiveCfg = Release|Any CPU
		{5CD66824-7427-4295-B539-F492FAEA53B4}.AppStore|x64.Build.0 = Release|Any CPU
		{5CD66824-7427-4295-B539-F492FAEA53B4}.AppStore|x86.ActiveCfg = Release|Any CPU
		{5CD66824-7427-4295-B539-F492FAEA53B4}.AppStore|x86.Build.0 = Release|Any CPU
		{5CD66824-7427-4295-B539-F492FAEA53B4}.Debug|Any CPU.ActiveCfg = Debug|Any CPU
		{5CD66824-7427-4295-B539-F492FAEA53B4}.Debug|Any CPU.Build.0 = Debug|Any CPU
		{5CD66824-7427-4295-B539-F492FAEA53B4}.Debug|ARM.ActiveCfg = Debug|Any CPU
		{5CD66824-7427-4295-B539-F492FAEA53B4}.Debug|ARM.Build.0 = Debug|Any CPU
		{5CD66824-7427-4295-B539-F492FAEA53B4}.Debug|iPhone.ActiveCfg = Debug|Any CPU
		{5CD66824-7427-4295-B539-F492FAEA53B4}.Debug|iPhone.Build.0 = Debug|Any CPU
		{5CD66824-7427-4295-B539-F492FAEA53B4}.Debug|iPhoneSimulator.ActiveCfg = Debug|Any CPU
		{5CD66824-7427-4295-B539-F492FAEA53B4}.Debug|iPhoneSimulator.Build.0 = Debug|Any CPU
		{5CD66824-7427-4295-B539-F492FAEA53B4}.Debug|x64.ActiveCfg = Debug|Any CPU
		{5CD66824-7427-4295-B539-F492FAEA53B4}.Debug|x64.Build.0 = Debug|Any CPU
		{5CD66824-7427-4295-B539-F492FAEA53B4}.Debug|x86.ActiveCfg = Debug|Any CPU
		{5CD66824-7427-4295-B539-F492FAEA53B4}.Debug|x86.Build.0 = Debug|Any CPU
		{5CD66824-7427-4295-B539-F492FAEA53B4}.Release|Any CPU.ActiveCfg = Release|Any CPU
		{5CD66824-7427-4295-B539-F492FAEA53B4}.Release|Any CPU.Build.0 = Release|Any CPU
		{5CD66824-7427-4295-B539-F492FAEA53B4}.Release|ARM.ActiveCfg = Release|Any CPU
		{5CD66824-7427-4295-B539-F492FAEA53B4}.Release|ARM.Build.0 = Release|Any CPU
		{5CD66824-7427-4295-B539-F492FAEA53B4}.Release|iPhone.ActiveCfg = Release|Any CPU
		{5CD66824-7427-4295-B539-F492FAEA53B4}.Release|iPhone.Build.0 = Release|Any CPU
		{5CD66824-7427-4295-B539-F492FAEA53B4}.Release|iPhoneSimulator.ActiveCfg = Release|Any CPU
		{5CD66824-7427-4295-B539-F492FAEA53B4}.Release|iPhoneSimulator.Build.0 = Release|Any CPU
		{5CD66824-7427-4295-B539-F492FAEA53B4}.Release|x64.ActiveCfg = Release|Any CPU
		{5CD66824-7427-4295-B539-F492FAEA53B4}.Release|x64.Build.0 = Release|Any CPU
		{5CD66824-7427-4295-B539-F492FAEA53B4}.Release|x86.ActiveCfg = Release|Any CPU
		{5CD66824-7427-4295-B539-F492FAEA53B4}.Release|x86.Build.0 = Release|Any CPU
		{360699E1-8D8F-4B9F-ADA4-3D701A584849}.Ad-Hoc|Any CPU.ActiveCfg = Release|Any CPU
		{360699E1-8D8F-4B9F-ADA4-3D701A584849}.Ad-Hoc|Any CPU.Build.0 = Release|Any CPU
		{360699E1-8D8F-4B9F-ADA4-3D701A584849}.Ad-Hoc|Any CPU.Deploy.0 = Release|Any CPU
		{360699E1-8D8F-4B9F-ADA4-3D701A584849}.Ad-Hoc|ARM.ActiveCfg = Release|Any CPU
		{360699E1-8D8F-4B9F-ADA4-3D701A584849}.Ad-Hoc|ARM.Build.0 = Release|Any CPU
		{360699E1-8D8F-4B9F-ADA4-3D701A584849}.Ad-Hoc|ARM.Deploy.0 = Release|Any CPU
		{360699E1-8D8F-4B9F-ADA4-3D701A584849}.Ad-Hoc|iPhone.ActiveCfg = Release|Any CPU
		{360699E1-8D8F-4B9F-ADA4-3D701A584849}.Ad-Hoc|iPhone.Build.0 = Release|Any CPU
		{360699E1-8D8F-4B9F-ADA4-3D701A584849}.Ad-Hoc|iPhone.Deploy.0 = Release|Any CPU
		{360699E1-8D8F-4B9F-ADA4-3D701A584849}.Ad-Hoc|iPhoneSimulator.ActiveCfg = Release|Any CPU
		{360699E1-8D8F-4B9F-ADA4-3D701A584849}.Ad-Hoc|iPhoneSimulator.Build.0 = Release|Any CPU
		{360699E1-8D8F-4B9F-ADA4-3D701A584849}.Ad-Hoc|iPhoneSimulator.Deploy.0 = Release|Any CPU
		{360699E1-8D8F-4B9F-ADA4-3D701A584849}.Ad-Hoc|x64.ActiveCfg = Release|Any CPU
		{360699E1-8D8F-4B9F-ADA4-3D701A584849}.Ad-Hoc|x64.Build.0 = Release|Any CPU
		{360699E1-8D8F-4B9F-ADA4-3D701A584849}.Ad-Hoc|x64.Deploy.0 = Release|Any CPU
		{360699E1-8D8F-4B9F-ADA4-3D701A584849}.Ad-Hoc|x86.ActiveCfg = Release|Any CPU
		{360699E1-8D8F-4B9F-ADA4-3D701A584849}.Ad-Hoc|x86.Build.0 = Release|Any CPU
		{360699E1-8D8F-4B9F-ADA4-3D701A584849}.Ad-Hoc|x86.Deploy.0 = Release|Any CPU
		{360699E1-8D8F-4B9F-ADA4-3D701A584849}.AppStore|Any CPU.ActiveCfg = Release|Any CPU
		{360699E1-8D8F-4B9F-ADA4-3D701A584849}.AppStore|Any CPU.Build.0 = Release|Any CPU
		{360699E1-8D8F-4B9F-ADA4-3D701A584849}.AppStore|Any CPU.Deploy.0 = Release|Any CPU
		{360699E1-8D8F-4B9F-ADA4-3D701A584849}.AppStore|ARM.ActiveCfg = Release|Any CPU
		{360699E1-8D8F-4B9F-ADA4-3D701A584849}.AppStore|ARM.Build.0 = Release|Any CPU
		{360699E1-8D8F-4B9F-ADA4-3D701A584849}.AppStore|ARM.Deploy.0 = Release|Any CPU
		{360699E1-8D8F-4B9F-ADA4-3D701A584849}.AppStore|iPhone.ActiveCfg = Release|Any CPU
		{360699E1-8D8F-4B9F-ADA4-3D701A584849}.AppStore|iPhone.Build.0 = Release|Any CPU
		{360699E1-8D8F-4B9F-ADA4-3D701A584849}.AppStore|iPhone.Deploy.0 = Release|Any CPU
		{360699E1-8D8F-4B9F-ADA4-3D701A584849}.AppStore|iPhoneSimulator.ActiveCfg = Release|Any CPU
		{360699E1-8D8F-4B9F-ADA4-3D701A584849}.AppStore|iPhoneSimulator.Build.0 = Release|Any CPU
		{360699E1-8D8F-4B9F-ADA4-3D701A584849}.AppStore|iPhoneSimulator.Deploy.0 = Release|Any CPU
		{360699E1-8D8F-4B9F-ADA4-3D701A584849}.AppStore|x64.ActiveCfg = Release|Any CPU
		{360699E1-8D8F-4B9F-ADA4-3D701A584849}.AppStore|x64.Build.0 = Release|Any CPU
		{360699E1-8D8F-4B9F-ADA4-3D701A584849}.AppStore|x64.Deploy.0 = Release|Any CPU
		{360699E1-8D8F-4B9F-ADA4-3D701A584849}.AppStore|x86.ActiveCfg = Release|Any CPU
		{360699E1-8D8F-4B9F-ADA4-3D701A584849}.AppStore|x86.Build.0 = Release|Any CPU
		{360699E1-8D8F-4B9F-ADA4-3D701A584849}.AppStore|x86.Deploy.0 = Release|Any CPU
		{360699E1-8D8F-4B9F-ADA4-3D701A584849}.Debug|Any CPU.ActiveCfg = Debug|Any CPU
		{360699E1-8D8F-4B9F-ADA4-3D701A584849}.Debug|Any CPU.Build.0 = Debug|Any CPU
		{360699E1-8D8F-4B9F-ADA4-3D701A584849}.Debug|Any CPU.Deploy.0 = Debug|Any CPU
		{360699E1-8D8F-4B9F-ADA4-3D701A584849}.Debug|ARM.ActiveCfg = Debug|Any CPU
		{360699E1-8D8F-4B9F-ADA4-3D701A584849}.Debug|ARM.Build.0 = Debug|Any CPU
		{360699E1-8D8F-4B9F-ADA4-3D701A584849}.Debug|ARM.Deploy.0 = Debug|Any CPU
		{360699E1-8D8F-4B9F-ADA4-3D701A584849}.Debug|iPhone.ActiveCfg = Debug|Any CPU
		{360699E1-8D8F-4B9F-ADA4-3D701A584849}.Debug|iPhone.Build.0 = Debug|Any CPU
		{360699E1-8D8F-4B9F-ADA4-3D701A584849}.Debug|iPhone.Deploy.0 = Debug|Any CPU
		{360699E1-8D8F-4B9F-ADA4-3D701A584849}.Debug|iPhoneSimulator.ActiveCfg = Debug|Any CPU
		{360699E1-8D8F-4B9F-ADA4-3D701A584849}.Debug|iPhoneSimulator.Build.0 = Debug|Any CPU
		{360699E1-8D8F-4B9F-ADA4-3D701A584849}.Debug|iPhoneSimulator.Deploy.0 = Debug|Any CPU
		{360699E1-8D8F-4B9F-ADA4-3D701A584849}.Debug|x64.ActiveCfg = Debug|Any CPU
		{360699E1-8D8F-4B9F-ADA4-3D701A584849}.Debug|x64.Build.0 = Debug|Any CPU
		{360699E1-8D8F-4B9F-ADA4-3D701A584849}.Debug|x64.Deploy.0 = Debug|Any CPU
		{360699E1-8D8F-4B9F-ADA4-3D701A584849}.Debug|x86.ActiveCfg = Debug|Any CPU
		{360699E1-8D8F-4B9F-ADA4-3D701A584849}.Debug|x86.Build.0 = Debug|Any CPU
		{360699E1-8D8F-4B9F-ADA4-3D701A584849}.Debug|x86.Deploy.0 = Debug|Any CPU
		{360699E1-8D8F-4B9F-ADA4-3D701A584849}.Release|Any CPU.ActiveCfg = Release|Any CPU
		{360699E1-8D8F-4B9F-ADA4-3D701A584849}.Release|Any CPU.Build.0 = Release|Any CPU
		{360699E1-8D8F-4B9F-ADA4-3D701A584849}.Release|Any CPU.Deploy.0 = Release|Any CPU
		{360699E1-8D8F-4B9F-ADA4-3D701A584849}.Release|ARM.ActiveCfg = Release|Any CPU
		{360699E1-8D8F-4B9F-ADA4-3D701A584849}.Release|ARM.Build.0 = Release|Any CPU
		{360699E1-8D8F-4B9F-ADA4-3D701A584849}.Release|ARM.Deploy.0 = Release|Any CPU
		{360699E1-8D8F-4B9F-ADA4-3D701A584849}.Release|iPhone.ActiveCfg = Release|Any CPU
		{360699E1-8D8F-4B9F-ADA4-3D701A584849}.Release|iPhone.Build.0 = Release|Any CPU
		{360699E1-8D8F-4B9F-ADA4-3D701A584849}.Release|iPhone.Deploy.0 = Release|Any CPU
		{360699E1-8D8F-4B9F-ADA4-3D701A584849}.Release|iPhoneSimulator.ActiveCfg = Release|Any CPU
		{360699E1-8D8F-4B9F-ADA4-3D701A584849}.Release|iPhoneSimulator.Build.0 = Release|Any CPU
		{360699E1-8D8F-4B9F-ADA4-3D701A584849}.Release|iPhoneSimulator.Deploy.0 = Release|Any CPU
		{360699E1-8D8F-4B9F-ADA4-3D701A584849}.Release|x64.ActiveCfg = Release|Any CPU
		{360699E1-8D8F-4B9F-ADA4-3D701A584849}.Release|x64.Build.0 = Release|Any CPU
		{360699E1-8D8F-4B9F-ADA4-3D701A584849}.Release|x64.Deploy.0 = Release|Any CPU
		{360699E1-8D8F-4B9F-ADA4-3D701A584849}.Release|x86.ActiveCfg = Release|Any CPU
		{360699E1-8D8F-4B9F-ADA4-3D701A584849}.Release|x86.Build.0 = Release|Any CPU
		{360699E1-8D8F-4B9F-ADA4-3D701A584849}.Release|x86.Deploy.0 = Release|Any CPU
		{90A7DED8-4CE5-4C85-840F-7E1DA6710CEA}.Ad-Hoc|Any CPU.ActiveCfg = Ad-Hoc|iPhone
		{90A7DED8-4CE5-4C85-840F-7E1DA6710CEA}.Ad-Hoc|ARM.ActiveCfg = Ad-Hoc|iPhone
		{90A7DED8-4CE5-4C85-840F-7E1DA6710CEA}.Ad-Hoc|iPhone.ActiveCfg = Ad-Hoc|iPhone
		{90A7DED8-4CE5-4C85-840F-7E1DA6710CEA}.Ad-Hoc|iPhone.Build.0 = Ad-Hoc|iPhone
		{90A7DED8-4CE5-4C85-840F-7E1DA6710CEA}.Ad-Hoc|iPhoneSimulator.ActiveCfg = Ad-Hoc|iPhoneSimulator
		{90A7DED8-4CE5-4C85-840F-7E1DA6710CEA}.Ad-Hoc|iPhoneSimulator.Build.0 = Ad-Hoc|iPhoneSimulator
		{90A7DED8-4CE5-4C85-840F-7E1DA6710CEA}.Ad-Hoc|x64.ActiveCfg = Ad-Hoc|iPhone
		{90A7DED8-4CE5-4C85-840F-7E1DA6710CEA}.Ad-Hoc|x86.ActiveCfg = Ad-Hoc|iPhone
		{90A7DED8-4CE5-4C85-840F-7E1DA6710CEA}.AppStore|Any CPU.ActiveCfg = AppStore|iPhone
		{90A7DED8-4CE5-4C85-840F-7E1DA6710CEA}.AppStore|ARM.ActiveCfg = AppStore|iPhone
		{90A7DED8-4CE5-4C85-840F-7E1DA6710CEA}.AppStore|iPhone.ActiveCfg = AppStore|iPhone
		{90A7DED8-4CE5-4C85-840F-7E1DA6710CEA}.AppStore|iPhone.Build.0 = AppStore|iPhone
		{90A7DED8-4CE5-4C85-840F-7E1DA6710CEA}.AppStore|iPhoneSimulator.ActiveCfg = AppStore|iPhoneSimulator
		{90A7DED8-4CE5-4C85-840F-7E1DA6710CEA}.AppStore|iPhoneSimulator.Build.0 = AppStore|iPhoneSimulator
		{90A7DED8-4CE5-4C85-840F-7E1DA6710CEA}.AppStore|x64.ActiveCfg = AppStore|iPhone
		{90A7DED8-4CE5-4C85-840F-7E1DA6710CEA}.AppStore|x86.ActiveCfg = AppStore|iPhone
		{90A7DED8-4CE5-4C85-840F-7E1DA6710CEA}.Debug|Any CPU.ActiveCfg = Debug|iPhone
		{90A7DED8-4CE5-4C85-840F-7E1DA6710CEA}.Debug|ARM.ActiveCfg = Debug|iPhone
		{90A7DED8-4CE5-4C85-840F-7E1DA6710CEA}.Debug|iPhone.ActiveCfg = Debug|iPhone
		{90A7DED8-4CE5-4C85-840F-7E1DA6710CEA}.Debug|iPhone.Build.0 = Debug|iPhone
		{90A7DED8-4CE5-4C85-840F-7E1DA6710CEA}.Debug|iPhoneSimulator.ActiveCfg = Debug|iPhoneSimulator
		{90A7DED8-4CE5-4C85-840F-7E1DA6710CEA}.Debug|iPhoneSimulator.Build.0 = Debug|iPhoneSimulator
		{90A7DED8-4CE5-4C85-840F-7E1DA6710CEA}.Debug|x64.ActiveCfg = Debug|iPhone
		{90A7DED8-4CE5-4C85-840F-7E1DA6710CEA}.Debug|x86.ActiveCfg = Debug|iPhone
		{90A7DED8-4CE5-4C85-840F-7E1DA6710CEA}.Release|Any CPU.ActiveCfg = Release|iPhone
		{90A7DED8-4CE5-4C85-840F-7E1DA6710CEA}.Release|ARM.ActiveCfg = Release|iPhone
		{90A7DED8-4CE5-4C85-840F-7E1DA6710CEA}.Release|iPhone.ActiveCfg = Release|iPhone
		{90A7DED8-4CE5-4C85-840F-7E1DA6710CEA}.Release|iPhone.Build.0 = Release|iPhone
		{90A7DED8-4CE5-4C85-840F-7E1DA6710CEA}.Release|iPhoneSimulator.ActiveCfg = Release|iPhoneSimulator
		{90A7DED8-4CE5-4C85-840F-7E1DA6710CEA}.Release|iPhoneSimulator.Build.0 = Release|iPhoneSimulator
		{90A7DED8-4CE5-4C85-840F-7E1DA6710CEA}.Release|x64.ActiveCfg = Release|iPhone
		{90A7DED8-4CE5-4C85-840F-7E1DA6710CEA}.Release|x86.ActiveCfg = Release|iPhone
		{BB0D676D-B27A-48F3-83E8-992B9B125F74}.Ad-Hoc|Any CPU.ActiveCfg = Release|Any CPU
		{BB0D676D-B27A-48F3-83E8-992B9B125F74}.Ad-Hoc|Any CPU.Build.0 = Release|Any CPU
		{BB0D676D-B27A-48F3-83E8-992B9B125F74}.Ad-Hoc|Any CPU.Deploy.0 = Release|Any CPU
		{BB0D676D-B27A-48F3-83E8-992B9B125F74}.Ad-Hoc|ARM.ActiveCfg = Release|ARM
		{BB0D676D-B27A-48F3-83E8-992B9B125F74}.Ad-Hoc|ARM.Build.0 = Release|ARM
		{BB0D676D-B27A-48F3-83E8-992B9B125F74}.Ad-Hoc|ARM.Deploy.0 = Release|ARM
		{BB0D676D-B27A-48F3-83E8-992B9B125F74}.Ad-Hoc|iPhone.ActiveCfg = Release|Any CPU
		{BB0D676D-B27A-48F3-83E8-992B9B125F74}.Ad-Hoc|iPhone.Build.0 = Release|Any CPU
		{BB0D676D-B27A-48F3-83E8-992B9B125F74}.Ad-Hoc|iPhone.Deploy.0 = Release|Any CPU
		{BB0D676D-B27A-48F3-83E8-992B9B125F74}.Ad-Hoc|iPhoneSimulator.ActiveCfg = Release|Any CPU
		{BB0D676D-B27A-48F3-83E8-992B9B125F74}.Ad-Hoc|iPhoneSimulator.Build.0 = Release|Any CPU
		{BB0D676D-B27A-48F3-83E8-992B9B125F74}.Ad-Hoc|iPhoneSimulator.Deploy.0 = Release|Any CPU
		{BB0D676D-B27A-48F3-83E8-992B9B125F74}.Ad-Hoc|x64.ActiveCfg = Release|Any CPU
		{BB0D676D-B27A-48F3-83E8-992B9B125F74}.Ad-Hoc|x64.Build.0 = Release|Any CPU
		{BB0D676D-B27A-48F3-83E8-992B9B125F74}.Ad-Hoc|x64.Deploy.0 = Release|Any CPU
		{BB0D676D-B27A-48F3-83E8-992B9B125F74}.Ad-Hoc|x86.ActiveCfg = Release|x86
		{BB0D676D-B27A-48F3-83E8-992B9B125F74}.Ad-Hoc|x86.Build.0 = Release|x86
		{BB0D676D-B27A-48F3-83E8-992B9B125F74}.Ad-Hoc|x86.Deploy.0 = Release|x86
		{BB0D676D-B27A-48F3-83E8-992B9B125F74}.AppStore|Any CPU.ActiveCfg = Release|Any CPU
		{BB0D676D-B27A-48F3-83E8-992B9B125F74}.AppStore|Any CPU.Build.0 = Release|Any CPU
		{BB0D676D-B27A-48F3-83E8-992B9B125F74}.AppStore|Any CPU.Deploy.0 = Release|Any CPU
		{BB0D676D-B27A-48F3-83E8-992B9B125F74}.AppStore|ARM.ActiveCfg = Release|ARM
		{BB0D676D-B27A-48F3-83E8-992B9B125F74}.AppStore|ARM.Build.0 = Release|ARM
		{BB0D676D-B27A-48F3-83E8-992B9B125F74}.AppStore|ARM.Deploy.0 = Release|ARM
		{BB0D676D-B27A-48F3-83E8-992B9B125F74}.AppStore|iPhone.ActiveCfg = Release|Any CPU
		{BB0D676D-B27A-48F3-83E8-992B9B125F74}.AppStore|iPhone.Build.0 = Release|Any CPU
		{BB0D676D-B27A-48F3-83E8-992B9B125F74}.AppStore|iPhone.Deploy.0 = Release|Any CPU
		{BB0D676D-B27A-48F3-83E8-992B9B125F74}.AppStore|iPhoneSimulator.ActiveCfg = Release|Any CPU
		{BB0D676D-B27A-48F3-83E8-992B9B125F74}.AppStore|iPhoneSimulator.Build.0 = Release|Any CPU
		{BB0D676D-B27A-48F3-83E8-992B9B125F74}.AppStore|iPhoneSimulator.Deploy.0 = Release|Any CPU
		{BB0D676D-B27A-48F3-83E8-992B9B125F74}.AppStore|x64.ActiveCfg = Release|Any CPU
		{BB0D676D-B27A-48F3-83E8-992B9B125F74}.AppStore|x64.Build.0 = Release|Any CPU
		{BB0D676D-B27A-48F3-83E8-992B9B125F74}.AppStore|x64.Deploy.0 = Release|Any CPU
		{BB0D676D-B27A-48F3-83E8-992B9B125F74}.AppStore|x86.ActiveCfg = Release|x86
		{BB0D676D-B27A-48F3-83E8-992B9B125F74}.AppStore|x86.Build.0 = Release|x86
		{BB0D676D-B27A-48F3-83E8-992B9B125F74}.AppStore|x86.Deploy.0 = Release|x86
		{BB0D676D-B27A-48F3-83E8-992B9B125F74}.Debug|Any CPU.ActiveCfg = Debug|Any CPU
		{BB0D676D-B27A-48F3-83E8-992B9B125F74}.Debug|Any CPU.Build.0 = Debug|Any CPU
		{BB0D676D-B27A-48F3-83E8-992B9B125F74}.Debug|Any CPU.Deploy.0 = Debug|Any CPU
		{BB0D676D-B27A-48F3-83E8-992B9B125F74}.Debug|ARM.ActiveCfg = Debug|ARM
		{BB0D676D-B27A-48F3-83E8-992B9B125F74}.Debug|ARM.Build.0 = Debug|ARM
		{BB0D676D-B27A-48F3-83E8-992B9B125F74}.Debug|ARM.Deploy.0 = Debug|ARM
		{BB0D676D-B27A-48F3-83E8-992B9B125F74}.Debug|iPhone.ActiveCfg = Debug|Any CPU
		{BB0D676D-B27A-48F3-83E8-992B9B125F74}.Debug|iPhone.Build.0 = Debug|Any CPU
		{BB0D676D-B27A-48F3-83E8-992B9B125F74}.Debug|iPhone.Deploy.0 = Debug|Any CPU
		{BB0D676D-B27A-48F3-83E8-992B9B125F74}.Debug|iPhoneSimulator.ActiveCfg = Debug|Any CPU
		{BB0D676D-B27A-48F3-83E8-992B9B125F74}.Debug|iPhoneSimulator.Build.0 = Debug|Any CPU
		{BB0D676D-B27A-48F3-83E8-992B9B125F74}.Debug|iPhoneSimulator.Deploy.0 = Debug|Any CPU
		{BB0D676D-B27A-48F3-83E8-992B9B125F74}.Debug|x64.ActiveCfg = Debug|Any CPU
		{BB0D676D-B27A-48F3-83E8-992B9B125F74}.Debug|x64.Build.0 = Debug|Any CPU
		{BB0D676D-B27A-48F3-83E8-992B9B125F74}.Debug|x64.Deploy.0 = Debug|Any CPU
		{BB0D676D-B27A-48F3-83E8-992B9B125F74}.Debug|x86.ActiveCfg = Debug|x86
		{BB0D676D-B27A-48F3-83E8-992B9B125F74}.Debug|x86.Build.0 = Debug|x86
		{BB0D676D-B27A-48F3-83E8-992B9B125F74}.Debug|x86.Deploy.0 = Debug|x86
		{BB0D676D-B27A-48F3-83E8-992B9B125F74}.Release|Any CPU.ActiveCfg = Release|Any CPU
		{BB0D676D-B27A-48F3-83E8-992B9B125F74}.Release|Any CPU.Build.0 = Release|Any CPU
		{BB0D676D-B27A-48F3-83E8-992B9B125F74}.Release|Any CPU.Deploy.0 = Release|Any CPU
		{BB0D676D-B27A-48F3-83E8-992B9B125F74}.Release|ARM.ActiveCfg = Release|ARM
		{BB0D676D-B27A-48F3-83E8-992B9B125F74}.Release|ARM.Build.0 = Release|ARM
		{BB0D676D-B27A-48F3-83E8-992B9B125F74}.Release|ARM.Deploy.0 = Release|ARM
		{BB0D676D-B27A-48F3-83E8-992B9B125F74}.Release|iPhone.ActiveCfg = Release|Any CPU
		{BB0D676D-B27A-48F3-83E8-992B9B125F74}.Release|iPhone.Build.0 = Release|Any CPU
		{BB0D676D-B27A-48F3-83E8-992B9B125F74}.Release|iPhone.Deploy.0 = Release|Any CPU
		{BB0D676D-B27A-48F3-83E8-992B9B125F74}.Release|iPhoneSimulator.ActiveCfg = Release|Any CPU
		{BB0D676D-B27A-48F3-83E8-992B9B125F74}.Release|iPhoneSimulator.Build.0 = Release|Any CPU
		{BB0D676D-B27A-48F3-83E8-992B9B125F74}.Release|iPhoneSimulator.Deploy.0 = Release|Any CPU
		{BB0D676D-B27A-48F3-83E8-992B9B125F74}.Release|x64.ActiveCfg = Release|Any CPU
		{BB0D676D-B27A-48F3-83E8-992B9B125F74}.Release|x64.Build.0 = Release|Any CPU
		{BB0D676D-B27A-48F3-83E8-992B9B125F74}.Release|x64.Deploy.0 = Release|Any CPU
		{BB0D676D-B27A-48F3-83E8-992B9B125F74}.Release|x86.ActiveCfg = Release|x86
		{BB0D676D-B27A-48F3-83E8-992B9B125F74}.Release|x86.Build.0 = Release|x86
		{BB0D676D-B27A-48F3-83E8-992B9B125F74}.Release|x86.Deploy.0 = Release|x86
		{79781B83-E2B6-446E-A9FE-F8562C681405}.Ad-Hoc|Any CPU.ActiveCfg = Release|Any CPU
		{79781B83-E2B6-446E-A9FE-F8562C681405}.Ad-Hoc|Any CPU.Build.0 = Release|Any CPU
		{79781B83-E2B6-446E-A9FE-F8562C681405}.Ad-Hoc|Any CPU.Deploy.0 = Release|Any CPU
		{79781B83-E2B6-446E-A9FE-F8562C681405}.Ad-Hoc|ARM.ActiveCfg = Release|ARM
		{79781B83-E2B6-446E-A9FE-F8562C681405}.Ad-Hoc|ARM.Build.0 = Release|ARM
		{79781B83-E2B6-446E-A9FE-F8562C681405}.Ad-Hoc|ARM.Deploy.0 = Release|ARM
		{79781B83-E2B6-446E-A9FE-F8562C681405}.Ad-Hoc|iPhone.ActiveCfg = Release|Any CPU
		{79781B83-E2B6-446E-A9FE-F8562C681405}.Ad-Hoc|iPhone.Build.0 = Release|Any CPU
		{79781B83-E2B6-446E-A9FE-F8562C681405}.Ad-Hoc|iPhone.Deploy.0 = Release|Any CPU
		{79781B83-E2B6-446E-A9FE-F8562C681405}.Ad-Hoc|iPhoneSimulator.ActiveCfg = Release|Any CPU
		{79781B83-E2B6-446E-A9FE-F8562C681405}.Ad-Hoc|iPhoneSimulator.Build.0 = Release|Any CPU
		{79781B83-E2B6-446E-A9FE-F8562C681405}.Ad-Hoc|iPhoneSimulator.Deploy.0 = Release|Any CPU
		{79781B83-E2B6-446E-A9FE-F8562C681405}.Ad-Hoc|x64.ActiveCfg = Release|x64
		{79781B83-E2B6-446E-A9FE-F8562C681405}.Ad-Hoc|x64.Build.0 = Release|x64
		{79781B83-E2B6-446E-A9FE-F8562C681405}.Ad-Hoc|x64.Deploy.0 = Release|x64
		{79781B83-E2B6-446E-A9FE-F8562C681405}.Ad-Hoc|x86.ActiveCfg = Release|x86
		{79781B83-E2B6-446E-A9FE-F8562C681405}.Ad-Hoc|x86.Build.0 = Release|x86
		{79781B83-E2B6-446E-A9FE-F8562C681405}.Ad-Hoc|x86.Deploy.0 = Release|x86
		{79781B83-E2B6-446E-A9FE-F8562C681405}.AppStore|Any CPU.ActiveCfg = Release|Any CPU
		{79781B83-E2B6-446E-A9FE-F8562C681405}.AppStore|Any CPU.Build.0 = Release|Any CPU
		{79781B83-E2B6-446E-A9FE-F8562C681405}.AppStore|Any CPU.Deploy.0 = Release|Any CPU
		{79781B83-E2B6-446E-A9FE-F8562C681405}.AppStore|ARM.ActiveCfg = Release|ARM
		{79781B83-E2B6-446E-A9FE-F8562C681405}.AppStore|ARM.Build.0 = Release|ARM
		{79781B83-E2B6-446E-A9FE-F8562C681405}.AppStore|ARM.Deploy.0 = Release|ARM
		{79781B83-E2B6-446E-A9FE-F8562C681405}.AppStore|iPhone.ActiveCfg = Release|Any CPU
		{79781B83-E2B6-446E-A9FE-F8562C681405}.AppStore|iPhone.Build.0 = Release|Any CPU
		{79781B83-E2B6-446E-A9FE-F8562C681405}.AppStore|iPhone.Deploy.0 = Release|Any CPU
		{79781B83-E2B6-446E-A9FE-F8562C681405}.AppStore|iPhoneSimulator.ActiveCfg = Release|Any CPU
		{79781B83-E2B6-446E-A9FE-F8562C681405}.AppStore|iPhoneSimulator.Build.0 = Release|Any CPU
		{79781B83-E2B6-446E-A9FE-F8562C681405}.AppStore|iPhoneSimulator.Deploy.0 = Release|Any CPU
		{79781B83-E2B6-446E-A9FE-F8562C681405}.AppStore|x64.ActiveCfg = Release|x64
		{79781B83-E2B6-446E-A9FE-F8562C681405}.AppStore|x64.Build.0 = Release|x64
		{79781B83-E2B6-446E-A9FE-F8562C681405}.AppStore|x64.Deploy.0 = Release|x64
		{79781B83-E2B6-446E-A9FE-F8562C681405}.AppStore|x86.ActiveCfg = Release|x86
		{79781B83-E2B6-446E-A9FE-F8562C681405}.AppStore|x86.Build.0 = Release|x86
		{79781B83-E2B6-446E-A9FE-F8562C681405}.AppStore|x86.Deploy.0 = Release|x86
		{79781B83-E2B6-446E-A9FE-F8562C681405}.Debug|Any CPU.ActiveCfg = Debug|Any CPU
		{79781B83-E2B6-446E-A9FE-F8562C681405}.Debug|Any CPU.Build.0 = Debug|Any CPU
		{79781B83-E2B6-446E-A9FE-F8562C681405}.Debug|Any CPU.Deploy.0 = Debug|Any CPU
		{79781B83-E2B6-446E-A9FE-F8562C681405}.Debug|ARM.ActiveCfg = Debug|ARM
		{79781B83-E2B6-446E-A9FE-F8562C681405}.Debug|ARM.Build.0 = Debug|ARM
		{79781B83-E2B6-446E-A9FE-F8562C681405}.Debug|ARM.Deploy.0 = Debug|ARM
		{79781B83-E2B6-446E-A9FE-F8562C681405}.Debug|iPhone.ActiveCfg = Debug|Any CPU
		{79781B83-E2B6-446E-A9FE-F8562C681405}.Debug|iPhone.Build.0 = Debug|Any CPU
		{79781B83-E2B6-446E-A9FE-F8562C681405}.Debug|iPhone.Deploy.0 = Debug|Any CPU
		{79781B83-E2B6-446E-A9FE-F8562C681405}.Debug|iPhoneSimulator.ActiveCfg = Debug|Any CPU
		{79781B83-E2B6-446E-A9FE-F8562C681405}.Debug|iPhoneSimulator.Build.0 = Debug|Any CPU
		{79781B83-E2B6-446E-A9FE-F8562C681405}.Debug|iPhoneSimulator.Deploy.0 = Debug|Any CPU
		{79781B83-E2B6-446E-A9FE-F8562C681405}.Debug|x64.ActiveCfg = Debug|x64
		{79781B83-E2B6-446E-A9FE-F8562C681405}.Debug|x64.Build.0 = Debug|x64
		{79781B83-E2B6-446E-A9FE-F8562C681405}.Debug|x64.Deploy.0 = Debug|x64
		{79781B83-E2B6-446E-A9FE-F8562C681405}.Debug|x86.ActiveCfg = Debug|x86
		{79781B83-E2B6-446E-A9FE-F8562C681405}.Debug|x86.Build.0 = Debug|x86
		{79781B83-E2B6-446E-A9FE-F8562C681405}.Debug|x86.Deploy.0 = Debug|x86
		{79781B83-E2B6-446E-A9FE-F8562C681405}.Release|Any CPU.ActiveCfg = Release|Any CPU
		{79781B83-E2B6-446E-A9FE-F8562C681405}.Release|Any CPU.Build.0 = Release|Any CPU
		{79781B83-E2B6-446E-A9FE-F8562C681405}.Release|Any CPU.Deploy.0 = Release|Any CPU
		{79781B83-E2B6-446E-A9FE-F8562C681405}.Release|ARM.ActiveCfg = Release|ARM
		{79781B83-E2B6-446E-A9FE-F8562C681405}.Release|ARM.Build.0 = Release|ARM
		{79781B83-E2B6-446E-A9FE-F8562C681405}.Release|ARM.Deploy.0 = Release|ARM
		{79781B83-E2B6-446E-A9FE-F8562C681405}.Release|iPhone.ActiveCfg = Release|Any CPU
		{79781B83-E2B6-446E-A9FE-F8562C681405}.Release|iPhone.Build.0 = Release|Any CPU
		{79781B83-E2B6-446E-A9FE-F8562C681405}.Release|iPhone.Deploy.0 = Release|Any CPU
		{79781B83-E2B6-446E-A9FE-F8562C681405}.Release|iPhoneSimulator.ActiveCfg = Release|Any CPU
		{79781B83-E2B6-446E-A9FE-F8562C681405}.Release|iPhoneSimulator.Build.0 = Release|Any CPU
		{79781B83-E2B6-446E-A9FE-F8562C681405}.Release|iPhoneSimulator.Deploy.0 = Release|Any CPU
		{79781B83-E2B6-446E-A9FE-F8562C681405}.Release|x64.ActiveCfg = Release|x64
		{79781B83-E2B6-446E-A9FE-F8562C681405}.Release|x64.Build.0 = Release|x64
		{79781B83-E2B6-446E-A9FE-F8562C681405}.Release|x64.Deploy.0 = Release|x64
		{79781B83-E2B6-446E-A9FE-F8562C681405}.Release|x86.ActiveCfg = Release|x86
		{79781B83-E2B6-446E-A9FE-F8562C681405}.Release|x86.Build.0 = Release|x86
		{79781B83-E2B6-446E-A9FE-F8562C681405}.Release|x86.Deploy.0 = Release|x86
	EndGlobalSection
	GlobalSection(SolutionProperties) = preSolution
		HideSolutionNode = FALSE
	EndGlobalSection
EndGlobal
